// !$*UTF8*$!
{
	archiveVersion = 1;
	classes = {
	};
	objectVersion = 56;
	objects = {

/* Begin PBXBuildFile section */
		325DB5812B262E7800856898 /* footstep_carpet_000.mp3 in Resources */ = {isa = PBXBuildFile; fileRef = 325DB5802B262E7800856898 /* footstep_carpet_000.mp3 */; };
		32B685282B20CCC000B06174 /* AppDelegate.swift in Sources */ = {isa = PBXBuildFile; fileRef = 32B685272B20CCC000B06174 /* AppDelegate.swift */; };
		32B6852A2B20CCC000B06174 /* GameScene.sks in Resources */ = {isa = PBXBuildFile; fileRef = 32B685292B20CCC000B06174 /* GameScene.sks */; };
		32B6852C2B20CCC000B06174 /* Actions.sks in Resources */ = {isa = PBXBuildFile; fileRef = 32B6852B2B20CCC000B06174 /* Actions.sks */; };
		32B6852E2B20CCC000B06174 /* GameScene.swift in Sources */ = {isa = PBXBuildFile; fileRef = 32B6852D2B20CCC000B06174 /* GameScene.swift */; };
		32B685302B20CCC000B06174 /* GameViewController.swift in Sources */ = {isa = PBXBuildFile; fileRef = 32B6852F2B20CCC000B06174 /* GameViewController.swift */; };
		32B685332B20CCC000B06174 /* Main.storyboard in Resources */ = {isa = PBXBuildFile; fileRef = 32B685312B20CCC000B06174 /* Main.storyboard */; };
		32B685352B20CCC100B06174 /* Assets.xcassets in Resources */ = {isa = PBXBuildFile; fileRef = 32B685342B20CCC100B06174 /* Assets.xcassets */; };
		32B685382B20CCC100B06174 /* LaunchScreen.storyboard in Resources */ = {isa = PBXBuildFile; fileRef = 32B685362B20CCC100B06174 /* LaunchScreen.storyboard */; };
		32B685442B25D90700B06174 /* Inika-Bold.ttf in Resources */ = {isa = PBXBuildFile; fileRef = 32B685432B25D90400B06174 /* Inika-Bold.ttf */; };
		32B685452B25D90A00B06174 /* Inika-Regular.ttf in Resources */ = {isa = PBXBuildFile; fileRef = 32B685422B25D90400B06174 /* Inika-Regular.ttf */; };
		32B685482B25F45000B06174 /* 2DTopdownShadow.fsh in Resources */ = {isa = PBXBuildFile; fileRef = 32B685472B25F45000B06174 /* 2DTopdownShadow.fsh */; };
		32D560CB2B289A3600E3B2C2 /* StartScene.swift in Sources */ = {isa = PBXBuildFile; fileRef = 32D560CA2B289A3600E3B2C2 /* StartScene.swift */; };
		32D560CD2B289AA100E3B2C2 /* StartScene.sks in Resources */ = {isa = PBXBuildFile; fileRef = 32D560CC2B289AA100E3B2C2 /* StartScene.sks */; };
/* End PBXBuildFile section */

/* Begin PBXFileReference section */
		325DB5802B262E7800856898 /* footstep_carpet_000.mp3 */ = {isa = PBXFileReference; lastKnownFileType = audio.mp3; path = footstep_carpet_000.mp3; sourceTree = "<group>"; };
		32B685242B20CCC000B06174 /* SK 1.app */ = {isa = PBXFileReference; explicitFileType = wrapper.application; includeInIndex = 0; path = "SK 1.app"; sourceTree = BUILT_PRODUCTS_DIR; };
		32B685272B20CCC000B06174 /* AppDelegate.swift */ = {isa = PBXFileReference; lastKnownFileType = sourcecode.swift; path = AppDelegate.swift; sourceTree = "<group>"; };
		32B685292B20CCC000B06174 /* GameScene.sks */ = {isa = PBXFileReference; lastKnownFileType = file.sks; path = GameScene.sks; sourceTree = "<group>"; };
		32B6852B2B20CCC000B06174 /* Actions.sks */ = {isa = PBXFileReference; lastKnownFileType = file.sks; path = Actions.sks; sourceTree = "<group>"; };
		32B6852D2B20CCC000B06174 /* GameScene.swift */ = {isa = PBXFileReference; lastKnownFileType = sourcecode.swift; path = GameScene.swift; sourceTree = "<group>"; };
		32B6852F2B20CCC000B06174 /* GameViewController.swift */ = {isa = PBXFileReference; lastKnownFileType = sourcecode.swift; path = GameViewController.swift; sourceTree = "<group>"; };
		32B685322B20CCC000B06174 /* Base */ = {isa = PBXFileReference; lastKnownFileType = file.storyboard; name = Base; path = Base.lproj/Main.storyboard; sourceTree = "<group>"; };
		32B685342B20CCC100B06174 /* Assets.xcassets */ = {isa = PBXFileReference; lastKnownFileType = folder.assetcatalog; path = Assets.xcassets; sourceTree = "<group>"; };
		32B685372B20CCC100B06174 /* Base */ = {isa = PBXFileReference; lastKnownFileType = file.storyboard; name = Base; path = Base.lproj/LaunchScreen.storyboard; sourceTree = "<group>"; };
		32B6853E2B25D43100B06174 /* SK-1-Info.plist */ = {isa = PBXFileReference; lastKnownFileType = text.plist; path = "SK-1-Info.plist"; sourceTree = SOURCE_ROOT; };
		32B685422B25D90400B06174 /* Inika-Regular.ttf */ = {isa = PBXFileReference; lastKnownFileType = file; path = "Inika-Regular.ttf"; sourceTree = "<group>"; };
		32B685432B25D90400B06174 /* Inika-Bold.ttf */ = {isa = PBXFileReference; lastKnownFileType = file; path = "Inika-Bold.ttf"; sourceTree = "<group>"; };
		32B685472B25F45000B06174 /* 2DTopdownShadow.fsh */ = {isa = PBXFileReference; lastKnownFileType = sourcecode.glsl; path = 2DTopdownShadow.fsh; sourceTree = "<group>"; };
		32D560CA2B289A3600E3B2C2 /* StartScene.swift */ = {isa = PBXFileReference; fileEncoding = 4; lastKnownFileType = sourcecode.swift; path = StartScene.swift; sourceTree = "<group>"; };
		32D560CC2B289AA100E3B2C2 /* StartScene.sks */ = {isa = PBXFileReference; lastKnownFileType = file.sks; path = StartScene.sks; sourceTree = "<group>"; };
/* End PBXFileReference section */

/* Begin PBXFrameworksBuildPhase section */
		32B685212B20CCC000B06174 /* Frameworks */ = {
			isa = PBXFrameworksBuildPhase;
			buildActionMask = 2147483647;
			files = (
			);
			runOnlyForDeploymentPostprocessing = 0;
		};
/* End PBXFrameworksBuildPhase section */

/* Begin PBXGroup section */
		325DB57C2B262E2700856898 /* Sounds */ = {
			isa = PBXGroup;
			children = (
				325DB5802B262E7800856898 /* footstep_carpet_000.mp3 */,
			);
			path = Sounds;
			sourceTree = "<group>";
		};
		32B6851B2B20CCC000B06174 = {
			isa = PBXGroup;
			children = (
				32B685402B25D8EA00B06174 /* Resources */,
				32B685262B20CCC000B06174 /* SK 1 */,
				32B685252B20CCC000B06174 /* Products */,
			);
			sourceTree = "<group>";
		};
		32B685252B20CCC000B06174 /* Products */ = {
			isa = PBXGroup;
			children = (
				32B685242B20CCC000B06174 /* SK 1.app */,
			);
			name = Products;
			sourceTree = "<group>";
		};
		32B685262B20CCC000B06174 /* SK 1 */ = {
			isa = PBXGroup;
			children = (
				32B6853E2B25D43100B06174 /* SK-1-Info.plist */,
				32B685272B20CCC000B06174 /* AppDelegate.swift */,
				32B685292B20CCC000B06174 /* GameScene.sks */,
				32D560CC2B289AA100E3B2C2 /* StartScene.sks */,
				32B6852B2B20CCC000B06174 /* Actions.sks */,
				32B6852D2B20CCC000B06174 /* GameScene.swift */,
				32D560CA2B289A3600E3B2C2 /* StartScene.swift */,
				32B6852F2B20CCC000B06174 /* GameViewController.swift */,
				32B685312B20CCC000B06174 /* Main.storyboard */,
				32B685342B20CCC100B06174 /* Assets.xcassets */,
				32B685362B20CCC100B06174 /* LaunchScreen.storyboard */,
			);
			path = "SK 1";
			sourceTree = "<group>";
		};
		32B685402B25D8EA00B06174 /* Resources */ = {
			isa = PBXGroup;
			children = (
				325DB57C2B262E2700856898 /* Sounds */,
				32B685462B25F3FD00B06174 /* Shaders */,
				32B685412B25D8F100B06174 /* Fonts */,
			);
			path = Resources;
			sourceTree = "<group>";
		};
		32B685412B25D8F100B06174 /* Fonts */ = {
			isa = PBXGroup;
			children = (
				32B685432B25D90400B06174 /* Inika-Bold.ttf */,
				32B685422B25D90400B06174 /* Inika-Regular.ttf */,
			);
			path = Fonts;
			sourceTree = "<group>";
		};
		32B685462B25F3FD00B06174 /* Shaders */ = {
			isa = PBXGroup;
			children = (
				32B685472B25F45000B06174 /* 2DTopdownShadow.fsh */,
			);
			path = Shaders;
			sourceTree = "<group>";
		};
/* End PBXGroup section */

/* Begin PBXNativeTarget section */
		32B685232B20CCC000B06174 /* SK 1 */ = {
			isa = PBXNativeTarget;
			buildConfigurationList = 32B6853B2B20CCC100B06174 /* Build configuration list for PBXNativeTarget "SK 1" */;
			buildPhases = (
				32B685202B20CCC000B06174 /* Sources */,
				32B685212B20CCC000B06174 /* Frameworks */,
				32B685222B20CCC000B06174 /* Resources */,
			);
			buildRules = (
			);
			dependencies = (
			);
			name = "SK 1";
			productName = "SK 1";
			productReference = 32B685242B20CCC000B06174 /* SK 1.app */;
			productType = "com.apple.product-type.application";
		};
/* End PBXNativeTarget section */

/* Begin PBXProject section */
		32B6851C2B20CCC000B06174 /* Project object */ = {
			isa = PBXProject;
			attributes = {
				BuildIndependentTargetsInParallel = 1;
				LastSwiftUpdateCheck = 1500;
				LastUpgradeCheck = 1500;
				TargetAttributes = {
					32B685232B20CCC000B06174 = {
						CreatedOnToolsVersion = 15.0;
					};
				};
			};
			buildConfigurationList = 32B6851F2B20CCC000B06174 /* Build configuration list for PBXProject "SK 1" */;
			compatibilityVersion = "Xcode 14.0";
			developmentRegion = en;
			hasScannedForEncodings = 0;
			knownRegions = (
				en,
				Base,
			);
			mainGroup = 32B6851B2B20CCC000B06174;
			productRefGroup = 32B685252B20CCC000B06174 /* Products */;
			projectDirPath = "";
			projectRoot = "";
			targets = (
				32B685232B20CCC000B06174 /* SK 1 */,
			);
		};
/* End PBXProject section */

/* Begin PBXResourcesBuildPhase section */
		32B685222B20CCC000B06174 /* Resources */ = {
			isa = PBXResourcesBuildPhase;
			buildActionMask = 2147483647;
			files = (
				32B685332B20CCC000B06174 /* Main.storyboard in Resources */,
				32B6852A2B20CCC000B06174 /* GameScene.sks in Resources */,
				32B685442B25D90700B06174 /* Inika-Bold.ttf in Resources */,
				32D560CD2B289AA100E3B2C2 /* StartScene.sks in Resources */,
				32B685352B20CCC100B06174 /* Assets.xcassets in Resources */,
				32B685482B25F45000B06174 /* 2DTopdownShadow.fsh in Resources */,
				325DB5812B262E7800856898 /* footstep_carpet_000.mp3 in Resources */,
				32B685382B20CCC100B06174 /* LaunchScreen.storyboard in Resources */,
				32B6852C2B20CCC000B06174 /* Actions.sks in Resources */,
				32B685452B25D90A00B06174 /* Inika-Regular.ttf in Resources */,
			);
			runOnlyForDeploymentPostprocessing = 0;
		};
/* End PBXResourcesBuildPhase section */

/* Begin PBXSourcesBuildPhase section */
		32B685202B20CCC000B06174 /* Sources */ = {
			isa = PBXSourcesBuildPhase;
			buildActionMask = 2147483647;
			files = (
				32B6852E2B20CCC000B06174 /* GameScene.swift in Sources */,
				32B685302B20CCC000B06174 /* GameViewController.swift in Sources */,
				32B685282B20CCC000B06174 /* AppDelegate.swift in Sources */,
				32D560CB2B289A3600E3B2C2 /* StartScene.swift in Sources */,
			);
			runOnlyForDeploymentPostprocessing = 0;
		};
/* End PBXSourcesBuildPhase section */

/* Begin PBXVariantGroup section */
		32B685312B20CCC000B06174 /* Main.storyboard */ = {
			isa = PBXVariantGroup;
			children = (
				32B685322B20CCC000B06174 /* Base */,
			);
			name = Main.storyboard;
			sourceTree = "<group>";
		};
		32B685362B20CCC100B06174 /* LaunchScreen.storyboard */ = {
			isa = PBXVariantGroup;
			children = (
				32B685372B20CCC100B06174 /* Base */,
			);
			name = LaunchScreen.storyboard;
			sourceTree = "<group>";
		};
/* End PBXVariantGroup section */

/* Begin XCBuildConfiguration section */
		32B685392B20CCC100B06174 /* Debug */ = {
			isa = XCBuildConfiguration;
			buildSettings = {
				ALWAYS_SEARCH_USER_PATHS = NO;
				ASSETCATALOG_COMPILER_GENERATE_SWIFT_ASSET_SYMBOL_EXTENSIONS = YES;
				CLANG_ANALYZER_NONNULL = YES;
				CLANG_ANALYZER_NUMBER_OBJECT_CONVERSION = YES_AGGRESSIVE;
				CLANG_CXX_LANGUAGE_STANDARD = "gnu++20";
				CLANG_ENABLE_MODULES = YES;
				CLANG_ENABLE_OBJC_ARC = YES;
				CLANG_ENABLE_OBJC_WEAK = YES;
				CLANG_WARN_BLOCK_CAPTURE_AUTORELEASING = YES;
				CLANG_WARN_BOOL_CONVERSION = YES;
				CLANG_WARN_COMMA = YES;
				CLANG_WARN_CONSTANT_CONVERSION = YES;
				CLANG_WARN_DEPRECATED_OBJC_IMPLEMENTATIONS = YES;
				CLANG_WARN_DIRECT_OBJC_ISA_USAGE = YES_ERROR;
				CLANG_WARN_DOCUMENTATION_COMMENTS = YES;
				CLANG_WARN_EMPTY_BODY = YES;
				CLANG_WARN_ENUM_CONVERSION = YES;
				CLANG_WARN_INFINITE_RECURSION = YES;
				CLANG_WARN_INT_CONVERSION = YES;
				CLANG_WARN_NON_LITERAL_NULL_CONVERSION = YES;
				CLANG_WARN_OBJC_IMPLICIT_RETAIN_SELF = YES;
				CLANG_WARN_OBJC_LITERAL_CONVERSION = YES;
				CLANG_WARN_OBJC_ROOT_CLASS = YES_ERROR;
				CLANG_WARN_QUOTED_INCLUDE_IN_FRAMEWORK_HEADER = YES;
				CLANG_WARN_RANGE_LOOP_ANALYSIS = YES;
				CLANG_WARN_STRICT_PROTOTYPES = YES;
				CLANG_WARN_SUSPICIOUS_MOVE = YES;
				CLANG_WARN_UNGUARDED_AVAILABILITY = YES_AGGRESSIVE;
				CLANG_WARN_UNREACHABLE_CODE = YES;
				CLANG_WARN__DUPLICATE_METHOD_MATCH = YES;
				COPY_PHASE_STRIP = NO;
				DEBUG_INFORMATION_FORMAT = dwarf;
				ENABLE_STRICT_OBJC_MSGSEND = YES;
				ENABLE_TESTABILITY = YES;
				ENABLE_USER_SCRIPT_SANDBOXING = YES;
				GCC_C_LANGUAGE_STANDARD = gnu17;
				GCC_DYNAMIC_NO_PIC = NO;
				GCC_NO_COMMON_BLOCKS = YES;
				GCC_OPTIMIZATION_LEVEL = 0;
				GCC_PREPROCESSOR_DEFINITIONS = (
					"DEBUG=1",
					"$(inherited)",
				);
				GCC_WARN_64_TO_32_BIT_CONVERSION = YES;
				GCC_WARN_ABOUT_RETURN_TYPE = YES_ERROR;
				GCC_WARN_UNDECLARED_SELECTOR = YES;
				GCC_WARN_UNINITIALIZED_AUTOS = YES_AGGRESSIVE;
				GCC_WARN_UNUSED_FUNCTION = YES;
				GCC_WARN_UNUSED_VARIABLE = YES;
				IPHONEOS_DEPLOYMENT_TARGET = 17.0;
				LOCALIZATION_PREFERS_STRING_CATALOGS = YES;
				MTL_ENABLE_DEBUG_INFO = INCLUDE_SOURCE;
				MTL_FAST_MATH = YES;
				ONLY_ACTIVE_ARCH = YES;
				SDKROOT = iphoneos;
				SWIFT_ACTIVE_COMPILATION_CONDITIONS = "DEBUG $(inherited)";
				SWIFT_OPTIMIZATION_LEVEL = "-Onone";
			};
			name = Debug;
		};
		32B6853A2B20CCC100B06174 /* Release */ = {
			isa = XCBuildConfiguration;
			buildSettings = {
				ALWAYS_SEARCH_USER_PATHS = NO;
				ASSETCATALOG_COMPILER_GENERATE_SWIFT_ASSET_SYMBOL_EXTENSIONS = YES;
				CLANG_ANALYZER_NONNULL = YES;
				CLANG_ANALYZER_NUMBER_OBJECT_CONVERSION = YES_AGGRESSIVE;
				CLANG_CXX_LANGUAGE_STANDARD = "gnu++20";
				CLANG_ENABLE_MODULES = YES;
				CLANG_ENABLE_OBJC_ARC = YES;
				CLANG_ENABLE_OBJC_WEAK = YES;
				CLANG_WARN_BLOCK_CAPTURE_AUTORELEASING = YES;
				CLANG_WARN_BOOL_CONVERSION = YES;
				CLANG_WARN_COMMA = YES;
				CLANG_WARN_CONSTANT_CONVERSION = YES;
				CLANG_WARN_DEPRECATED_OBJC_IMPLEMENTATIONS = YES;
				CLANG_WARN_DIRECT_OBJC_ISA_USAGE = YES_ERROR;
				CLANG_WARN_DOCUMENTATION_COMMENTS = YES;
				CLANG_WARN_EMPTY_BODY = YES;
				CLANG_WARN_ENUM_CONVERSION = YES;
				CLANG_WARN_INFINITE_RECURSION = YES;
				CLANG_WARN_INT_CONVERSION = YES;
				CLANG_WARN_NON_LITERAL_NULL_CONVERSION = YES;
				CLANG_WARN_OBJC_IMPLICIT_RETAIN_SELF = YES;
				CLANG_WARN_OBJC_LITERAL_CONVERSION = YES;
				CLANG_WARN_OBJC_ROOT_CLASS = YES_ERROR;
				CLANG_WARN_QUOTED_INCLUDE_IN_FRAMEWORK_HEADER = YES;
				CLANG_WARN_RANGE_LOOP_ANALYSIS = YES;
				CLANG_WARN_STRICT_PROTOTYPES = YES;
				CLANG_WARN_SUSPICIOUS_MOVE = YES;
				CLANG_WARN_UNGUARDED_AVAILABILITY = YES_AGGRESSIVE;
				CLANG_WARN_UNREACHABLE_CODE = YES;
				CLANG_WARN__DUPLICATE_METHOD_MATCH = YES;
				COPY_PHASE_STRIP = NO;
				DEBUG_INFORMATION_FORMAT = "dwarf-with-dsym";
				ENABLE_NS_ASSERTIONS = NO;
				ENABLE_STRICT_OBJC_MSGSEND = YES;
				ENABLE_USER_SCRIPT_SANDBOXING = YES;
				GCC_C_LANGUAGE_STANDARD = gnu17;
				GCC_NO_COMMON_BLOCKS = YES;
				GCC_WARN_64_TO_32_BIT_CONVERSION = YES;
				GCC_WARN_ABOUT_RETURN_TYPE = YES_ERROR;
				GCC_WARN_UNDECLARED_SELECTOR = YES;
				GCC_WARN_UNINITIALIZED_AUTOS = YES_AGGRESSIVE;
				GCC_WARN_UNUSED_FUNCTION = YES;
				GCC_WARN_UNUSED_VARIABLE = YES;
				IPHONEOS_DEPLOYMENT_TARGET = 17.0;
				LOCALIZATION_PREFERS_STRING_CATALOGS = YES;
				MTL_ENABLE_DEBUG_INFO = NO;
				MTL_FAST_MATH = YES;
				SDKROOT = iphoneos;
				SWIFT_COMPILATION_MODE = wholemodule;
				VALIDATE_PRODUCT = YES;
			};
			name = Release;
		};
		32B6853C2B20CCC100B06174 /* Debug */ = {
			isa = XCBuildConfiguration;
			buildSettings = {
				ASSETCATALOG_COMPILER_APPICON_NAME = AppIcon;
				ASSETCATALOG_COMPILER_GLOBAL_ACCENT_COLOR_NAME = AccentColor;
				CODE_SIGN_STYLE = Automatic;
				CURRENT_PROJECT_VERSION = 1;
				DEVELOPMENT_TEAM = T2V3R3ZLQS;
				GENERATE_INFOPLIST_FILE = YES;
				INFOPLIST_FILE = "SK-1-Info.plist";
				INFOPLIST_KEY_LSApplicationCategoryType = "public.app-category.games";
				INFOPLIST_KEY_UIApplicationSupportsIndirectInputEvents = YES;
				INFOPLIST_KEY_UILaunchStoryboardName = LaunchScreen;
				INFOPLIST_KEY_UIMainStoryboardFile = Main;
				INFOPLIST_KEY_UIStatusBarHidden = YES;
				INFOPLIST_KEY_UISupportedInterfaceOrientations_iPad = "UIInterfaceOrientationPortrait UIInterfaceOrientationPortraitUpsideDown UIInterfaceOrientationLandscapeLeft UIInterfaceOrientationLandscapeRight";
				INFOPLIST_KEY_UISupportedInterfaceOrientations_iPhone = "UIInterfaceOrientationPortrait UIInterfaceOrientationLandscapeLeft UIInterfaceOrientationLandscapeRight";
				IPHONEOS_DEPLOYMENT_TARGET = 17.0;
				LD_RUNPATH_SEARCH_PATHS = (
					"$(inherited)",
					"@executable_path/Frameworks",
				);
				MARKETING_VERSION = 1.0;
				PRODUCT_BUNDLE_IDENTIFIER = "com.app.sk1.SK-1";
				PRODUCT_NAME = "$(TARGET_NAME)";
				SWIFT_EMIT_LOC_STRINGS = YES;
				SWIFT_VERSION = 5.0;
				TARGETED_DEVICE_FAMILY = "1,2";
			};
			name = Debug;
		};
		32B6853D2B20CCC100B06174 /* Release */ = {
			isa = XCBuildConfiguration;
			buildSettings = {
				ASSETCATALOG_COMPILER_APPICON_NAME = AppIcon;
				ASSETCATALOG_COMPILER_GLOBAL_ACCENT_COLOR_NAME = AccentColor;
				CODE_SIGN_STYLE = Automatic;
				CURRENT_PROJECT_VERSION = 1;
				DEVELOPMENT_TEAM = T2V3R3ZLQS;
				GENERATE_INFOPLIST_FILE = YES;
				INFOPLIST_FILE = "SK-1-Info.plist";
				INFOPLIST_KEY_LSApplicationCategoryType = "public.app-category.games";
				INFOPLIST_KEY_UIApplicationSupportsIndirectInputEvents = YES;
				INFOPLIST_KEY_UILaunchStoryboardName = LaunchScreen;
				INFOPLIST_KEY_UIMainStoryboardFile = Main;
				INFOPLIST_KEY_UIStatusBarHidden = YES;
				INFOPLIST_KEY_UISupportedInterfaceOrientations_iPad = "UIInterfaceOrientationPortrait UIInterfaceOrientationPortraitUpsideDown UIInterfaceOrientationLandscapeLeft UIInterfaceOrientationLandscapeRight";
				INFOPLIST_KEY_UISupportedInterfaceOrientations_iPhone = "UIInterfaceOrientationPortrait UIInterfaceOrientationLandscapeLeft UIInterfaceOrientationLandscapeRight";
				IPHONEOS_DEPLOYMENT_TARGET = 17.0;
				LD_RUNPATH_SEARCH_PATHS = (
					"$(inherited)",
					"@executable_path/Frameworks",
				);
				MARKETING_VERSION = 1.0;
				PRODUCT_BUNDLE_IDENTIFIER = "com.app.sk1.SK-1";
				PRODUCT_NAME = "$(TARGET_NAME)";
				SWIFT_EMIT_LOC_STRINGS = YES;
				SWIFT_VERSION = 5.0;
				TARGETED_DEVICE_FAMILY = "1,2";
			};
			name = Release;
		};
/* End XCBuildConfiguration section */

/* Begin XCConfigurationList section */
		32B6851F2B20CCC000B06174 /* Build configuration list for PBXProject "SK 1" */ = {
			isa = XCConfigurationList;
			buildConfigurations = (
				32B685392B20CCC100B06174 /* Debug */,
				32B6853A2B20CCC100B06174 /* Release */,
			);
			defaultConfigurationIsVisible = 0;
			defaultConfigurationName = Release;
		};
		32B6853B2B20CCC100B06174 /* Build configuration list for PBXNativeTarget "SK 1" */ = {
			isa = XCConfigurationList;
			buildConfigurations = (
				32B6853C2B20CCC100B06174 /* Debug */,
				32B6853D2B20CCC100B06174 /* Release */,
			);
			defaultConfigurationIsVisible = 0;
			defaultConfigurationName = Release;
		};
/* End XCConfigurationList section */
	};
	rootObject = 32B6851C2B20CCC000B06174 /* Project object */;
}
